
Microsoft Visual Studio Solution File, Format Version 12.00
# Visual Studio Version 16
VisualStudioVersion = 16.0.29209.62
MinimumVisualStudioVersion = 10.0.40219.1
Project("{FAE04EC0-301F-11D3-BF4B-00C04F79EFBC}") = "Fusion360MakeTool", "ConsoleApp1\Fusion360MakeTool.csproj", "{BFE9554B-6C84-4C7A-B7E1-5B00C2907821}"
EndProject
Global
	GlobalSection(SolutionConfigurationPlatforms) = preSolution
		Debug|Any CPU = Debug|Any CPU
		Release|Any CPU = Release|Any CPU
	EndGlobalSection
	GlobalSection(ProjectConfigurationPlatforms) = postSolution
		{BFE9554B-6C84-4C7A-B7E1-5B00C2907821}.Debug|Any CPU.ActiveCfg = Debug|Any CPU
		{BFE9554B-6C84-4C7A-B7E1-5B00C2907821}.Debug|Any CPU.Build.0 = Debug|Any CPU
		{BFE9554B-6C84-4C7A-B7E1-5B00C2907821}.Release|Any CPU.ActiveCfg = Release|Any CPU
		{BFE9554B-6C84-4C7A-B7E1-5B00C2907821}.Release|Any CPU.Build.0 = Release|Any CPU
	EndGlobalSection
	GlobalSection(SolutionProperties) = preSolution
		HideSolutionNode = FALSE
	EndGlobalSection
	GlobalSection(ExtensibilityGlobals) = postSolution
		SolutionGuid = {7B9D3C65-22A3-47E8-A3AC-3930CF1EE4B4}
	EndGlobalSection
EndGlobal
